
Microsoft Visual Studio Solution File, Format Version 12.00
# Visual Studio 2013
VisualStudioVersion = 12.0.21005.1
MinimumVisualStudioVersion = 10.0.40219.1
Project("{FAE04EC0-301F-11D3-BF4B-00C04F79EFBC}") = "ModuleOneAssignment", "ModuleOneAssignment\ModuleOneAssignment.csproj", "{6C0350FC-B938-4F21-AF61-F009E25EAF73}"
EndProject
Project("{FAE04EC0-301F-11D3-BF4B-00C04F79EFBC}") = "ModuleTwoAssignment", "ModuleTwoAssignment\ModuleTwoAssignment.csproj", "{1C3DBB2C-5276-41B6-94B0-3401C7F21BE9}"
EndProject
Project("{FAE04EC0-301F-11D3-BF4B-00C04F79EFBC}") = "ModuleThreeAssignment", "ModuleThreeAssignment\ModuleThreeAssignment.csproj", "{AAA52F29-48E4-4E49-AC39-535A20589CE5}"
EndProject
Project("{FAE04EC0-301F-11D3-BF4B-00C04F79EFBC}") = "ModuleFourAssignment", "ModuleFourAssignment\ModuleFourAssignment.csproj", "{7F3F19FA-02FB-45E5-B9F9-4252ACD52E92}"
EndProject
Project("{FAE04EC0-301F-11D3-BF4B-00C04F79EFBC}") = "ModuleFiveAssignment", "ModuleFiveAssignment\ModuleFiveAssignment.csproj", "{CFD27905-1622-47CC-889F-685D39D29EF5}"
EndProject
Project("{FAE04EC0-301F-11D3-BF4B-00C04F79EFBC}") = "ModuleSixAssignment", "ModuleSixAssignment\ModuleSixAssignment.csproj", "{E31806ED-AFEF-44F6-B60D-CFA76221BFA7}"
EndProject
Project("{FAE04EC0-301F-11D3-BF4B-00C04F79EFBC}") = "ModuleSevenAssignment", "ModuleSevenAssignment\ModuleSevenAssignment.csproj", "{868005C2-3B84-40A3-B4A7-89FB9164D215}"
EndProject
Project("{FAE04EC0-301F-11D3-BF4B-00C04F79EFBC}") = "ModuleEightAssignment", "ModuleEightAssignment\ModuleEightAssignment.csproj", "{D9117571-96C6-40E1-9FDE-13FF2376949C}"
EndProject
Project("{FAE04EC0-301F-11D3-BF4B-00C04F79EFBC}") = "Mod_9_Homework", "Mod_9_Homework\Mod_9_Homework.csproj", "{B45528C4-AACD-41BA-BC4A-F109E5EDB024}"
EndProject
Project("{FAE04EC0-301F-11D3-BF4B-00C04F79EFBC}") = "RestrictionOperators", "RestrictionOperators\RestrictionOperators.csproj", "{EF74D02F-B99F-470F-B27C-8B83961E9940}"
EndProject
Project("{FAE04EC0-301F-11D3-BF4B-00C04F79EFBC}") = "OrderingOperators", "OrderingOperators\OrderingOperators.csproj", "{05350A97-9D66-40BC-90B5-BCD0DCFE1AAB}"
EndProject
Global
	GlobalSection(SolutionConfigurationPlatforms) = preSolution
		Debug|Any CPU = Debug|Any CPU
		Debug|Mixed Platforms = Debug|Mixed Platforms
		Debug|x86 = Debug|x86
		Release|Any CPU = Release|Any CPU
		Release|Mixed Platforms = Release|Mixed Platforms
		Release|x86 = Release|x86
	EndGlobalSection
	GlobalSection(ProjectConfigurationPlatforms) = postSolution
		{6C0350FC-B938-4F21-AF61-F009E25EAF73}.Debug|Any CPU.ActiveCfg = Debug|Any CPU
		{6C0350FC-B938-4F21-AF61-F009E25EAF73}.Debug|Any CPU.Build.0 = Debug|Any CPU
		{6C0350FC-B938-4F21-AF61-F009E25EAF73}.Debug|Mixed Platforms.ActiveCfg = Debug|Any CPU
		{6C0350FC-B938-4F21-AF61-F009E25EAF73}.Debug|Mixed Platforms.Build.0 = Debug|Any CPU
		{6C0350FC-B938-4F21-AF61-F009E25EAF73}.Debug|x86.ActiveCfg = Debug|Any CPU
		{6C0350FC-B938-4F21-AF61-F009E25EAF73}.Release|Any CPU.ActiveCfg = Release|Any CPU
		{6C0350FC-B938-4F21-AF61-F009E25EAF73}.Release|Any CPU.Build.0 = Release|Any CPU
		{6C0350FC-B938-4F21-AF61-F009E25EAF73}.Release|Mixed Platforms.ActiveCfg = Release|Any CPU
		{6C0350FC-B938-4F21-AF61-F009E25EAF73}.Release|Mixed Platforms.Build.0 = Release|Any CPU
		{6C0350FC-B938-4F21-AF61-F009E25EAF73}.Release|x86.ActiveCfg = Release|Any CPU
		{1C3DBB2C-5276-41B6-94B0-3401C7F21BE9}.Debug|Any CPU.ActiveCfg = Debug|Any CPU
		{1C3DBB2C-5276-41B6-94B0-3401C7F21BE9}.Debug|Any CPU.Build.0 = Debug|Any CPU
		{1C3DBB2C-5276-41B6-94B0-3401C7F21BE9}.Debug|Mixed Platforms.ActiveCfg = Debug|Any CPU
		{1C3DBB2C-5276-41B6-94B0-3401C7F21BE9}.Debug|Mixed Platforms.Build.0 = Debug|Any CPU
		{1C3DBB2C-5276-41B6-94B0-3401C7F21BE9}.Debug|x86.ActiveCfg = Debug|Any CPU
		{1C3DBB2C-5276-41B6-94B0-3401C7F21BE9}.Release|Any CPU.ActiveCfg = Release|Any CPU
		{1C3DBB2C-5276-41B6-94B0-3401C7F21BE9}.Release|Any CPU.Build.0 = Release|Any CPU
		{1C3DBB2C-5276-41B6-94B0-3401C7F21BE9}.Release|Mixed Platforms.ActiveCfg = Release|Any CPU
		{1C3DBB2C-5276-41B6-94B0-3401C7F21BE9}.Release|Mixed Platforms.Build.0 = Release|Any CPU
		{1C3DBB2C-5276-41B6-94B0-3401C7F21BE9}.Release|x86.ActiveCfg = Release|Any CPU
		{AAA52F29-48E4-4E49-AC39-535A20589CE5}.Debug|Any CPU.ActiveCfg = Debug|Any CPU
		{AAA52F29-48E4-4E49-AC39-535A20589CE5}.Debug|Any CPU.Build.0 = Debug|Any CPU
		{AAA52F29-48E4-4E49-AC39-535A20589CE5}.Debug|Mixed Platforms.ActiveCfg = Debug|Any CPU
		{AAA52F29-48E4-4E49-AC39-535A20589CE5}.Debug|Mixed Platforms.Build.0 = Debug|Any CPU
		{AAA52F29-48E4-4E49-AC39-535A20589CE5}.Debug|x86.ActiveCfg = Debug|Any CPU
		{AAA52F29-48E4-4E49-AC39-535A20589CE5}.Release|Any CPU.ActiveCfg = Release|Any CPU
		{AAA52F29-48E4-4E49-AC39-535A20589CE5}.Release|Any CPU.Build.0 = Release|Any CPU
		{AAA52F29-48E4-4E49-AC39-535A20589CE5}.Release|Mixed Platforms.ActiveCfg = Release|Any CPU
		{AAA52F29-48E4-4E49-AC39-535A20589CE5}.Release|Mixed Platforms.Build.0 = Release|Any CPU
		{AAA52F29-48E4-4E49-AC39-535A20589CE5}.Release|x86.ActiveCfg = Release|Any CPU
		{7F3F19FA-02FB-45E5-B9F9-4252ACD52E92}.Debug|Any CPU.ActiveCfg = Debug|Any CPU
		{7F3F19FA-02FB-45E5-B9F9-4252ACD52E92}.Debug|Any CPU.Build.0 = Debug|Any CPU
		{7F3F19FA-02FB-45E5-B9F9-4252ACD52E92}.Debug|Mixed Platforms.ActiveCfg = Debug|Any CPU
		{7F3F19FA-02FB-45E5-B9F9-4252ACD52E92}.Debug|Mixed Platforms.Build.0 = Debug|Any CPU
		{7F3F19FA-02FB-45E5-B9F9-4252ACD52E92}.Debug|x86.ActiveCfg = Debug|Any CPU
		{7F3F19FA-02FB-45E5-B9F9-4252ACD52E92}.Release|Any CPU.ActiveCfg = Release|Any CPU
		{7F3F19FA-02FB-45E5-B9F9-4252ACD52E92}.Release|Any CPU.Build.0 = Release|Any CPU
		{7F3F19FA-02FB-45E5-B9F9-4252ACD52E92}.Release|Mixed Platforms.ActiveCfg = Release|Any CPU
		{7F3F19FA-02FB-45E5-B9F9-4252ACD52E92}.Release|Mixed Platforms.Build.0 = Release|Any CPU
		{7F3F19FA-02FB-45E5-B9F9-4252ACD52E92}.Release|x86.ActiveCfg = Release|Any CPU
		{CFD27905-1622-47CC-889F-685D39D29EF5}.Debug|Any CPU.ActiveCfg = Debug|Any CPU
		{CFD27905-1622-47CC-889F-685D39D29EF5}.Debug|Any CPU.Build.0 = Debug|Any CPU
		{CFD27905-1622-47CC-889F-685D39D29EF5}.Debug|Mixed Platforms.ActiveCfg = Debug|Any CPU
		{CFD27905-1622-47CC-889F-685D39D29EF5}.Debug|Mixed Platforms.Build.0 = Debug|Any CPU
		{CFD27905-1622-47CC-889F-685D39D29EF5}.Debug|x86.ActiveCfg = Debug|Any CPU
		{CFD27905-1622-47CC-889F-685D39D29EF5}.Release|Any CPU.ActiveCfg = Release|Any CPU
		{CFD27905-1622-47CC-889F-685D39D29EF5}.Release|Any CPU.Build.0 = Release|Any CPU
		{CFD27905-1622-47CC-889F-685D39D29EF5}.Release|Mixed Platforms.ActiveCfg = Release|Any CPU
		{CFD27905-1622-47CC-889F-685D39D29EF5}.Release|Mixed Platforms.Build.0 = Release|Any CPU
		{CFD27905-1622-47CC-889F-685D39D29EF5}.Release|x86.ActiveCfg = Release|Any CPU
		{E31806ED-AFEF-44F6-B60D-CFA76221BFA7}.Debug|Any CPU.ActiveCfg = Debug|Any CPU
		{E31806ED-AFEF-44F6-B60D-CFA76221BFA7}.Debug|Any CPU.Build.0 = Debug|Any CPU
		{E31806ED-AFEF-44F6-B60D-CFA76221BFA7}.Debug|Mixed Platforms.ActiveCfg = Debug|Any CPU
		{E31806ED-AFEF-44F6-B60D-CFA76221BFA7}.Debug|Mixed Platforms.Build.0 = Debug|Any CPU
		{E31806ED-AFEF-44F6-B60D-CFA76221BFA7}.Debug|x86.ActiveCfg = Debug|Any CPU
		{E31806ED-AFEF-44F6-B60D-CFA76221BFA7}.Release|Any CPU.ActiveCfg = Release|Any CPU
		{E31806ED-AFEF-44F6-B60D-CFA76221BFA7}.Release|Any CPU.Build.0 = Release|Any CPU
		{E31806ED-AFEF-44F6-B60D-CFA76221BFA7}.Release|Mixed Platforms.ActiveCfg = Release|Any CPU
		{E31806ED-AFEF-44F6-B60D-CFA76221BFA7}.Release|Mixed Platforms.Build.0 = Release|Any CPU
		{E31806ED-AFEF-44F6-B60D-CFA76221BFA7}.Release|x86.ActiveCfg = Release|Any CPU
		{868005C2-3B84-40A3-B4A7-89FB9164D215}.Debug|Any CPU.ActiveCfg = Debug|Any CPU
		{868005C2-3B84-40A3-B4A7-89FB9164D215}.Debug|Any CPU.Build.0 = Debug|Any CPU
		{868005C2-3B84-40A3-B4A7-89FB9164D215}.Debug|Mixed Platforms.ActiveCfg = Debug|Any CPU
		{868005C2-3B84-40A3-B4A7-89FB9164D215}.Debug|Mixed Platforms.Build.0 = Debug|Any CPU
		{868005C2-3B84-40A3-B4A7-89FB9164D215}.Debug|x86.ActiveCfg = Debug|Any CPU
		{868005C2-3B84-40A3-B4A7-89FB9164D215}.Release|Any CPU.ActiveCfg = Release|Any CPU
		{868005C2-3B84-40A3-B4A7-89FB9164D215}.Release|Any CPU.Build.0 = Release|Any CPU
		{868005C2-3B84-40A3-B4A7-89FB9164D215}.Release|Mixed Platforms.ActiveCfg = Release|Any CPU
		{868005C2-3B84-40A3-B4A7-89FB9164D215}.Release|Mixed Platforms.Build.0 = Release|Any CPU
		{868005C2-3B84-40A3-B4A7-89FB9164D215}.Release|x86.ActiveCfg = Release|Any CPU
		{D9117571-96C6-40E1-9FDE-13FF2376949C}.Debug|Any CPU.ActiveCfg = Debug|Any CPU
		{D9117571-96C6-40E1-9FDE-13FF2376949C}.Debug|Any CPU.Build.0 = Debug|Any CPU
		{D9117571-96C6-40E1-9FDE-13FF2376949C}.Debug|Mixed Platforms.ActiveCfg = Debug|Any CPU
		{D9117571-96C6-40E1-9FDE-13FF2376949C}.Debug|Mixed Platforms.Build.0 = Debug|Any CPU
		{D9117571-96C6-40E1-9FDE-13FF2376949C}.Debug|x86.ActiveCfg = Debug|Any CPU
		{D9117571-96C6-40E1-9FDE-13FF2376949C}.Release|Any CPU.ActiveCfg = Release|Any CPU
		{D9117571-96C6-40E1-9FDE-13FF2376949C}.Release|Any CPU.Build.0 = Release|Any CPU
		{D9117571-96C6-40E1-9FDE-13FF2376949C}.Release|Mixed Platforms.ActiveCfg = Release|Any CPU
		{D9117571-96C6-40E1-9FDE-13FF2376949C}.Release|Mixed Platforms.Build.0 = Release|Any CPU
		{D9117571-96C6-40E1-9FDE-13FF2376949C}.Release|x86.ActiveCfg = Release|Any CPU
		{B45528C4-AACD-41BA-BC4A-F109E5EDB024}.Debug|Any CPU.ActiveCfg = Debug|Any CPU
		{B45528C4-AACD-41BA-BC4A-F109E5EDB024}.Debug|Any CPU.Build.0 = Debug|Any CPU
		{B45528C4-AACD-41BA-BC4A-F109E5EDB024}.Debug|Mixed Platforms.ActiveCfg = Debug|Any CPU
		{B45528C4-AACD-41BA-BC4A-F109E5EDB024}.Debug|Mixed Platforms.Build.0 = Debug|Any CPU
		{B45528C4-AACD-41BA-BC4A-F109E5EDB024}.Debug|x86.ActiveCfg = Debug|Any CPU
		{B45528C4-AACD-41BA-BC4A-F109E5EDB024}.Release|Any CPU.ActiveCfg = Release|Any CPU
		{B45528C4-AACD-41BA-BC4A-F109E5EDB024}.Release|Any CPU.Build.0 = Release|Any CPU
		{B45528C4-AACD-41BA-BC4A-F109E5EDB024}.Release|Mixed Platforms.ActiveCfg = Release|Any CPU
		{B45528C4-AACD-41BA-BC4A-F109E5EDB024}.Release|Mixed Platforms.Build.0 = Release|Any CPU
		{B45528C4-AACD-41BA-BC4A-F109E5EDB024}.Release|x86.ActiveCfg = Release|Any CPU
		{EF74D02F-B99F-470F-B27C-8B83961E9940}.Debug|Any CPU.ActiveCfg = Debug|x86
		{EF74D02F-B99F-470F-B27C-8B83961E9940}.Debug|Mixed Platforms.ActiveCfg = Debug|x86
		{EF74D02F-B99F-470F-B27C-8B83961E9940}.Debug|Mixed Platforms.Build.0 = Debug|x86
		{EF74D02F-B99F-470F-B27C-8B83961E9940}.Debug|x86.ActiveCfg = Debug|x86
		{EF74D02F-B99F-470F-B27C-8B83961E9940}.Debug|x86.Build.0 = Debug|x86
		{EF74D02F-B99F-470F-B27C-8B83961E9940}.Release|Any CPU.ActiveCfg = Release|x86
		{EF74D02F-B99F-470F-B27C-8B83961E9940}.Release|Mixed Platforms.ActiveCfg = Release|x86
		{EF74D02F-B99F-470F-B27C-8B83961E9940}.Release|Mixed Platforms.Build.0 = Release|x86
		{EF74D02F-B99F-470F-B27C-8B83961E9940}.Release|x86.ActiveCfg = Release|x86
		{EF74D02F-B99F-470F-B27C-8B83961E9940}.Release|x86.Build.0 = Release|x86
		{05350A97-9D66-40BC-90B5-BCD0DCFE1AAB}.Debug|Any CPU.ActiveCfg = Debug|x86
		{05350A97-9D66-40BC-90B5-BCD0DCFE1AAB}.Debug|Mixed Platforms.ActiveCfg = Debug|x86
		{05350A97-9D66-40BC-90B5-BCD0DCFE1AAB}.Debug|Mixed Platforms.Build.0 = Debug|x86
		{05350A97-9D66-40BC-90B5-BCD0DCFE1AAB}.Debug|x86.ActiveCfg = Debug|x86
		{05350A97-9D66-40BC-90B5-BCD0DCFE1AAB}.Debug|x86.Build.0 = Debug|x86
		{05350A97-9D66-40BC-90B5-BCD0DCFE1AAB}.Release|Any CPU.ActiveCfg = Release|x86
		{05350A97-9D66-40BC-90B5-BCD0DCFE1AAB}.Release|Mixed Platforms.ActiveCfg = Release|x86
		{05350A97-9D66-40BC-90B5-BCD0DCFE1AAB}.Release|Mixed Platforms.Build.0 = Release|x86
		{05350A97-9D66-40BC-90B5-BCD0DCFE1AAB}.Release|x86.ActiveCfg = Release|x86
		{05350A97-9D66-40BC-90B5-BCD0DCFE1AAB}.Release|x86.Build.0 = Release|x86
	EndGlobalSection
	GlobalSection(SolutionProperties) = preSolution
		HideSolutionNode = FALSE
	EndGlobalSection
EndGlobal
